
Microsoft Visual Studio Solution File, Format Version 12.00
# Visual Studio Version 16
VisualStudioVersion = 16.0.31112.23
MinimumVisualStudioVersion = 10.0.40219.1
Project("{FAE04EC0-301F-11D3-BF4B-00C04F79EFBC}") = "TesteProjetoWeb.NET", "TesteProjetoWeb.NET\TesteProjetoWeb.NET.csproj", "{8ECC50C2-9CFC-40B9-A82E-68185F6BDCEA}"
EndProject
Global
	GlobalSection(SolutionConfigurationPlatforms) = preSolution
		Debug|Any CPU = Debug|Any CPU
		Release|Any CPU = Release|Any CPU
	EndGlobalSection
	GlobalSection(ProjectConfigurationPlatforms) = postSolution
		{8ECC50C2-9CFC-40B9-A82E-68185F6BDCEA}.Debug|Any CPU.ActiveCfg = Debug|Any CPU
		{8ECC50C2-9CFC-40B9-A82E-68185F6BDCEA}.Debug|Any CPU.Build.0 = Debug|Any CPU
		{8ECC50C2-9CFC-40B9-A82E-68185F6BDCEA}.Release|Any CPU.ActiveCfg = Release|Any CPU
		{8ECC50C2-9CFC-40B9-A82E-68185F6BDCEA}.Release|Any CPU.Build.0 = Release|Any CPU
	EndGlobalSection
	GlobalSection(SolutionProperties) = preSolution
		HideSolutionNode = FALSE
	EndGlobalSection
	GlobalSection(ExtensibilityGlobals) = postSolution
		SolutionGuid = {3C4BC284-2056-4688-9093-74CC9E958DBC}
	EndGlobalSection
EndGlobal
